{
  "name": "sky-office-types",
  "version": "1.0.0",
  "lockfileVersion": 3,
  "requires": true,
  "packages": {
    "": {
      "name": "sky-office-types",
      "version": "1.0.0",
      "license": "MIT",
      "dependencies": {
        "@colyseus/schema": "^2.0.37"
      }
    },
    "node_modules/@colyseus/schema": {
      "version": "2.0.37",
      "resolved": "https://registry.npmjs.org/@colyseus/schema/-/schema-2.0.37.tgz",
      "integrity": "sha512-+WXEux9DMSaTz9hZKabl6LBuzsxzt9EvOwhXJ/G4rPCaaVkJ+iLxRsq8VbL2ZCx18E/uQH6nLaNIQVqH9wEt8w==",
      "license": "MIT",
      "bin": {
        "schema-codegen": "bin/schema-codegen"
      }
    }
  }
}
